{
  "requires": true,
  "lockfileVersion": 1,
  "dependencies": {
    "@material/animation": {
      "version": "0.41.0",
      "resolved": "https://registry.npmjs.org/@material/animation/-/animation-0.41.0.tgz",
      "integrity": "sha512-yYAwJbX3Q2AFd4dr6IYOsWLQy2HN8zWOFVl9AbUXunjzTfJCa/ecfXCriaT6qkmoNoHeTdJHRrsQJZC5GsPvzA=="
    },
    "@material/base": {
      "version": "0.41.0",
      "resolved": "https://registry.npmjs.org/@material/base/-/base-0.41.0.tgz",
      "integrity": "sha512-tEyzwBRu3d1H120SfKsDVYZHcqT5lKohh/7cWKR93aAaPDkSvjpKJIjyu2yuSkjpDduVZGzVocYbOvhUKhhzXQ=="
    },
    "@material/button": {
      "version": "0.41.0",
      "resolved": "https://registry.npmjs.org/@material/button/-/button-0.41.0.tgz",
      "integrity": "sha512-9mA/7P8yD3YPJ8ijwu0oOiT65OCa8Km3M9OF6VAsBE+XJS9Wo5hWDMgkv16raeOFeXj+1ALsjvuTz31JdcSkgQ==",
      "requires": {
        "@material/elevation": "^0.41.0",
        "@material/ripple": "^0.41.0",
        "@material/rtl": "^0.40.1",
        "@material/shape": "^0.41.0",
        "@material/theme": "^0.41.0",
        "@material/typography": "^0.41.0"
      }
    },
    "@material/elevation": {
      "version": "0.41.0",
      "resolved": "https://registry.npmjs.org/@material/elevation/-/elevation-0.41.0.tgz",
      "integrity": "sha512-ZtZS8z5ie9c7Cx5PVudgSorGYa0C3lu3dA+Nn6qJdhGUokl01msh54NfNuwk+EZsk65bNRRqw1Td/63TCbKIzg==",
      "requires": {
        "@material/animation": "^0.41.0",
        "@material/theme": "^0.41.0"
      }
    },
    "@material/ripple": {
      "version": "0.41.0",
      "resolved": "https://registry.npmjs.org/@material/ripple/-/ripple-0.41.0.tgz",
      "integrity": "sha512-rxEUVWM4AByDlTCH0kkthZQmUuY6eeN0X6cOHBoioFN2vUDk0D0Nfzz/N9FF2AlAf8C2lDDLrTuqnJPVIn+NHA==",
      "requires": {
        "@material/animation": "^0.41.0",
        "@material/base": "^0.41.0",
        "@material/theme": "^0.41.0"
      }
    },
    "@material/rtl": {
      "version": "0.40.1",
      "resolved": "https://registry.npmjs.org/@material/rtl/-/rtl-0.40.1.tgz",
      "integrity": "sha512-Pk6Iw1/KrhWZoZtkDsPMDUW0bm7Z1zeXb3MTQRCFmjf1wU5cRxgOTtuoZLcJqlcKGppLAzJL/TJV3E7KEiuL0A=="
    },
    "@material/shape": {
      "version": "0.41.0",
      "resolved": "https://registry.npmjs.org/@material/shape/-/shape-0.41.0.tgz",
      "integrity": "sha512-k1K3CjOVxclfb/0r28cOa2oJpP7QMA2fP0SOS3Vh8ale5Q2jkaHTL60KX8VkHvV6rMqShpXW+60gPjoz5XRbDQ=="
    },
    "@material/theme": {
      "version": "0.41.0",
      "resolved": "https://registry.npmjs.org/@material/theme/-/theme-0.41.0.tgz",
      "integrity": "sha512-ohW2JxObKOWvP34EkIIcrEVtL3g0Gs/T3/MdOsM36euyshY8Jwl1f6fjVUQvVjSpixUtSb30/+ulblF8fTOwBg=="
    },
    "@material/typography": {
      "version": "0.41.0",
      "resolved": "https://registry.npmjs.org/@material/typography/-/typography-0.41.0.tgz",
      "integrity": "sha512-15dlqSU+9uGcWdg4KXXcmDzTKJPb7/5Z9kmooONb2Laot1uiuntDXQS0yL+U2FYLW5Ros+WVMosDBKFruWx68A=="
    },
    "@polymer/app-layout": {
      "version": "3.0.0-pre.18",
      "resolved": "https://registry.npmjs.org/@polymer/app-layout/-/app-layout-3.0.0-pre.18.tgz",
      "integrity": "sha512-wzTVcJNk4smgbZzw8COAIGPw52XL+URg0awW+byxB7NTvm6YID7/hcJmX+8KLAaxB2oA4Ymq7Lgsc90UGijNZw==",
      "requires": {
        "@polymer/iron-flex-layout": "^3.0.0-pre.18",
        "@polymer/iron-media-query": "^3.0.0-pre.18",
        "@polymer/iron-resizable-behavior": "^3.0.0-pre.18",
        "@polymer/iron-scroll-target-behavior": "^3.0.0-pre.18",
        "@polymer/polymer": "^3.0.0"
      }
    },
    "@polymer/app-route": {
      "version": "3.0.0-pre.18",
      "resolved": "https://registry.npmjs.org/@polymer/app-route/-/app-route-3.0.0-pre.18.tgz",
      "integrity": "sha512-GnLwqLHFxyfVWPmwQLw3NBfdSgSfTZilVSRnAIOlXt7Mk0XzWC97dTcY6ncna8vdvrNWXYxbQFAHhBHtbWsxDw==",
      "requires": {
        "@polymer/iron-location": "^3.0.0-pre.18",
        "@polymer/polymer": "^3.0.0"
      }
    },
    "@polymer/font-roboto": {
      "version": "3.0.0-pre.18",
      "resolved": "https://registry.npmjs.org/@polymer/font-roboto/-/font-roboto-3.0.0-pre.18.tgz",
      "integrity": "sha512-ZTP+ZVQBAwU1N0fP8p2UNjOK6rEEwgCJz2wWVm7wzJbcC+W28bM14Faf0bNWCIbtEs5DkF4JMYhdDaMhWyj9Qg=="
    },
    "@polymer/iron-a11y-keys-behavior": {
      "version": "3.0.0-pre.18",
      "resolved": "https://registry.npmjs.org/@polymer/iron-a11y-keys-behavior/-/iron-a11y-keys-behavior-3.0.0-pre.18.tgz",
      "integrity": "sha512-IUFAUhtY0cVjBkQyI8G9vvehfcf0zZBcs1NYbD3G5rGBP7WrK6wt8NUOrJC5byzAL+fSx1lxU+quenqPOOXFhw==",
      "requires": {
        "@polymer/polymer": "^3.0.0"
      }
    },
    "@polymer/iron-behaviors": {
      "version": "3.0.0-pre.18",
      "resolved": "https://registry.npmjs.org/@polymer/iron-behaviors/-/iron-behaviors-3.0.0-pre.18.tgz",
      "integrity": "sha512-SBP9aihYdTUChajX/j72vXuXVZrGgUgDENCG1px30r23WPJ2xLjxgJp2R5ZIHKpUH4mnfoOSLxW/FLasKSQ2kw==",
      "requires": {
        "@polymer/iron-a11y-keys-behavior": "^3.0.0-pre.18",
        "@polymer/polymer": "^3.0.0"
      }
    },
    "@polymer/iron-checked-element-behavior": {
      "version": "3.0.0-pre.18",
      "resolved": "https://registry.npmjs.org/@polymer/iron-checked-element-behavior/-/iron-checked-element-behavior-3.0.0-pre.18.tgz",
      "integrity": "sha512-dT3Gkncw4aKrbxLuGaZI3QYHOoG94IIJ3o2tpslMNj4yc4TF2RGqaa9Zuhl4IO0kiEoT3nhgiX0kz+b/lWZm1g==",
      "requires": {
        "@polymer/iron-form-element-behavior": "^3.0.0-pre.18",
        "@polymer/iron-validatable-behavior": "^3.0.0-pre.18",
        "@polymer/polymer": "^3.0.0"
      }
    },
    "@polymer/iron-flex-layout": {
      "version": "3.0.0-pre.18",
      "resolved": "https://registry.npmjs.org/@polymer/iron-flex-layout/-/iron-flex-layout-3.0.0-pre.18.tgz",
      "integrity": "sha512-65Maebhjj0lY2hlNH6J0DJM0TY9e9ErPdy0u/t269UCptGbXdsHg7tIJX3b0GWzLfZ8klcYGr0H3RpEXh/dfKw==",
      "requires": {
        "@polymer/polymer": "^3.0.0"
      }
    },
    "@polymer/iron-form-element-behavior": {
      "version": "3.0.0-pre.18",
      "resolved": "https://registry.npmjs.org/@polymer/iron-form-element-behavior/-/iron-form-element-behavior-3.0.0-pre.18.tgz",
      "integrity": "sha512-Ll8XJTpdVc3RVkgU7rK2fCs8L0+uIpq4PtaG57/w9iOagK/AhzhiZNWJciCur7+kEp1d8vI+t4FIR4C4+0/Iqw==",
      "requires": {
        "@polymer/polymer": "^3.0.0"
      }
    },
    "@polymer/iron-icon": {
      "version": "3.0.0-pre.18",
      "resolved": "https://registry.npmjs.org/@polymer/iron-icon/-/iron-icon-3.0.0-pre.18.tgz",
      "integrity": "sha512-h6CP4lYC7zfBuzHPENsWCwn4APbmm54ltLV3Ldufl7s1hAUqZpc+e0PAZp1FCKXmSeYFhX6tjENMYSHjfCMhIA==",
      "requires": {
        "@polymer/iron-flex-layout": "^3.0.0-pre.18",
        "@polymer/iron-meta": "^3.0.0-pre.18",
        "@polymer/polymer": "^3.0.0"
      }
    },
    "@polymer/iron-iconset-svg": {
      "version": "3.0.0-pre.18",
      "resolved": "https://registry.npmjs.org/@polymer/iron-iconset-svg/-/iron-iconset-svg-3.0.0-pre.18.tgz",
      "integrity": "sha512-jBeUr3vbQ69rKmOnXtykzEkQ3mTXMbUd5LANamu3f5rVKsXiElCRed80Qp8mtp2D5d6btpfeQrMr2WT4wY0BDQ==",
      "requires": {
        "@polymer/iron-meta": "^3.0.0-pre.18",
        "@polymer/polymer": "^3.0.0"
      }
    },
    "@polymer/iron-location": {
      "version": "3.0.0-pre.18",
      "resolved": "https://registry.npmjs.org/@polymer/iron-location/-/iron-location-3.0.0-pre.18.tgz",
      "integrity": "sha512-DNDgFcroxLvW6XqRVybWt3kgXzHcV5wdUo69MOYppHTTZhOG/sFVjiPJUzYsB9UkXzHJ5z/k+xRLHzPC0w7SbA==",
      "requires": {
        "@polymer/polymer": "^3.0.0"
      }
    },
    "@polymer/iron-media-query": {
      "version": "3.0.0-pre.18",
      "resolved": "https://registry.npmjs.org/@polymer/iron-media-query/-/iron-media-query-3.0.0-pre.18.tgz",
      "integrity": "sha512-oArBVzxNO39rHQ93GuTNt4y961708z5X8D5pH1pbV9sLgz8YiQAFqxSc2wDzidyXjULWJ8gnLLurni6gc0MnLA==",
      "requires": {
        "@polymer/polymer": "^3.0.0"
      }
    },
    "@polymer/iron-meta": {
      "version": "3.0.0-pre.18",
      "resolved": "https://registry.npmjs.org/@polymer/iron-meta/-/iron-meta-3.0.0-pre.18.tgz",
      "integrity": "sha512-mxfAkOwC1JLXwLN7tHb+YFSGvBPkuB6RT9Qshs6FeLUx9rY3LkkBc5WK3rX0Wgnm0gz3DzUNrGRDZbZJj0OezQ==",
      "requires": {
        "@polymer/polymer": "^3.0.0"
      }
    },
    "@polymer/iron-resizable-behavior": {
      "version": "3.0.1",
      "resolved": "https://registry.npmjs.org/@polymer/iron-resizable-behavior/-/iron-resizable-behavior-3.0.1.tgz",
      "integrity": "sha512-FyHxRxFspVoRaeZSWpT3y0C9awomb4tXXolIJcZ7RvXhMP632V5lez+ch5G5SwK0LpnAPkg35eB0LPMFv+YMMQ==",
      "requires": {
        "@polymer/polymer": "^3.0.0"
      }
    },
    "@polymer/iron-scroll-target-behavior": {
      "version": "3.0.1",
      "resolved": "https://registry.npmjs.org/@polymer/iron-scroll-target-behavior/-/iron-scroll-target-behavior-3.0.1.tgz",
      "integrity": "sha512-xg1WanG25BIkQE8rhuReqY9zx1K5M7F+YAIYpswEp5eyDIaZ1Y3vUmVeQ3KG+hiSugzI1M752azXN7kvyhOBcQ==",
      "requires": {
        "@polymer/polymer": "^3.0.0"
      }
    },
    "@polymer/iron-validatable-behavior": {
      "version": "3.0.1",
      "resolved": "https://registry.npmjs.org/@polymer/iron-validatable-behavior/-/iron-validatable-behavior-3.0.1.tgz",
      "integrity": "sha512-wwpYh6wOa4fNI+jH5EYKC7TVPYQ2OfgQqocWat7GsNWcsblKYhLYbwsvEY5nO0n2xKqNfZzDLrUom5INJN7msQ==",
      "requires": {
        "@polymer/iron-meta": "^3.0.0-pre.26",
        "@polymer/polymer": "^3.0.0"
      },
      "dependencies": {
        "@polymer/iron-meta": {
          "version": "3.0.1",
          "resolved": "https://registry.npmjs.org/@polymer/iron-meta/-/iron-meta-3.0.1.tgz",
          "integrity": "sha512-pWguPugiLYmWFV9UWxLWzZ6gm4wBwQdDy4VULKwdHCqR7OP7u98h+XDdGZsSlDPv6qoryV/e3tGHlTIT0mbzJA==",
          "requires": {
            "@polymer/polymer": "^3.0.0"
          }
        }
      }
    },
    "@polymer/polymer": {
      "version": "3.1.0",
      "resolved": "https://registry.npmjs.org/@polymer/polymer/-/polymer-3.1.0.tgz",
      "integrity": "sha512-hwN8IMERsFATz/9dSMxYHL+84J9uBkPuuarxJWlTsppZ4CAYTZKnepBfNrKoyNsafBmA3yXBiiKPPf+fJtza7A==",
      "requires": {
        "@webcomponents/shadycss": "^1.5.2"
      }
    },
    "@webcomponents/shadycss": {
      "version": "1.6.0",
      "resolved": "https://registry.npmjs.org/@webcomponents/shadycss/-/shadycss-1.6.0.tgz",
      "integrity": "sha512-iURGZZU6BaiRJtGgjMn208QxPkY11QwT/VmuHNa4Yb+kJxU/WODe4C8b0LDOtnk4KJzJg50hCfwvPRAjePEzbA=="
    },
    "faker": {
      "version": "4.1.0",
      "resolved": "https://registry.npmjs.org/faker/-/faker-4.1.0.tgz",
      "integrity": "sha1-HkW7vsxndLPBlfrSg1EJxtdIzD8="
    }
  }
}
